
Microsoft Visual Studio Solution File, Format Version 12.00
# Visual Studio Version 16
VisualStudioVersion = 16.0.31019.35
MinimumVisualStudioVersion = 10.0.40219.1
Project("{FAE04EC0-301F-11D3-BF4B-00C04F79EFBC}") = "Entities", "Entities\Entities.csproj", "{4AE42238-DA35-46A2-86AB-A020160A6ADB}"
EndProject
Project("{FAE04EC0-301F-11D3-BF4B-00C04F79EFBC}") = "DataAccess", "DataAccess\DataAccess.csproj", "{973B8F3D-5E84-45EB-9CA6-E7677924C3AE}"
EndProject
Project("{FAE04EC0-301F-11D3-BF4B-00C04F79EFBC}") = "Business", "Business\Business.csproj", "{2193832C-F37D-4A52-B9B2-025425400661}"
EndProject
Project("{FAE04EC0-301F-11D3-BF4B-00C04F79EFBC}") = "Console", "Console\Console.csproj", "{47A1FA6A-7B67-4CF0-BA57-368EC1805E7B}"
EndProject
Global
	GlobalSection(SolutionConfigurationPlatforms) = preSolution
		Debug|Any CPU = Debug|Any CPU
		Release|Any CPU = Release|Any CPU
	EndGlobalSection
	GlobalSection(ProjectConfigurationPlatforms) = postSolution
		{4AE42238-DA35-46A2-86AB-A020160A6ADB}.Debug|Any CPU.ActiveCfg = Debug|Any CPU
		{4AE42238-DA35-46A2-86AB-A020160A6ADB}.Debug|Any CPU.Build.0 = Debug|Any CPU
		{4AE42238-DA35-46A2-86AB-A020160A6ADB}.Release|Any CPU.ActiveCfg = Release|Any CPU
		{4AE42238-DA35-46A2-86AB-A020160A6ADB}.Release|Any CPU.Build.0 = Release|Any CPU
		{973B8F3D-5E84-45EB-9CA6-E7677924C3AE}.Debug|Any CPU.ActiveCfg = Debug|Any CPU
		{973B8F3D-5E84-45EB-9CA6-E7677924C3AE}.Debug|Any CPU.Build.0 = Debug|Any CPU
		{973B8F3D-5E84-45EB-9CA6-E7677924C3AE}.Release|Any CPU.ActiveCfg = Release|Any CPU
		{973B8F3D-5E84-45EB-9CA6-E7677924C3AE}.Release|Any CPU.Build.0 = Release|Any CPU
		{2193832C-F37D-4A52-B9B2-025425400661}.Debug|Any CPU.ActiveCfg = Debug|Any CPU
		{2193832C-F37D-4A52-B9B2-025425400661}.Debug|Any CPU.Build.0 = Debug|Any CPU
		{2193832C-F37D-4A52-B9B2-025425400661}.Release|Any CPU.ActiveCfg = Release|Any CPU
		{2193832C-F37D-4A52-B9B2-025425400661}.Release|Any CPU.Build.0 = Release|Any CPU
		{47A1FA6A-7B67-4CF0-BA57-368EC1805E7B}.Debug|Any CPU.ActiveCfg = Debug|Any CPU
		{47A1FA6A-7B67-4CF0-BA57-368EC1805E7B}.Debug|Any CPU.Build.0 = Debug|Any CPU
		{47A1FA6A-7B67-4CF0-BA57-368EC1805E7B}.Release|Any CPU.ActiveCfg = Release|Any CPU
		{47A1FA6A-7B67-4CF0-BA57-368EC1805E7B}.Release|Any CPU.Build.0 = Release|Any CPU
	EndGlobalSection
	GlobalSection(SolutionProperties) = preSolution
		HideSolutionNode = FALSE
	EndGlobalSection
	GlobalSection(ExtensibilityGlobals) = postSolution
		SolutionGuid = {21E769F3-0440-4C09-9C63-7469B14A5756}
	EndGlobalSection
EndGlobal
